// !$*UTF8*$!
{
	archiveVersion = 1;
	classes = {
	};
	objectVersion = 46;
	objects = {

/* Begin PBXBuildFile section */
		D36F82991E638FF90032CE0F /* AppDelegate.swift in Sources */ = {isa = PBXBuildFile; fileRef = D36F82981E638FF90032CE0F /* AppDelegate.swift */; };
		D36F829B1E638FF90032CE0F /* CreateWorkoutViewController.swift in Sources */ = {isa = PBXBuildFile; fileRef = D36F829A1E638FF90032CE0F /* CreateWorkoutViewController.swift */; };
		D36F829E1E638FF90032CE0F /* Main.storyboard in Resources */ = {isa = PBXBuildFile; fileRef = D36F829C1E638FF90032CE0F /* Main.storyboard */; };
		D36F82A01E638FF90032CE0F /* Assets.xcassets in Resources */ = {isa = PBXBuildFile; fileRef = D36F829F1E638FF90032CE0F /* Assets.xcassets */; };
		D36F82A31E638FF90032CE0F /* LaunchScreen.storyboard in Resources */ = {isa = PBXBuildFile; fileRef = D36F82A11E638FF90032CE0F /* LaunchScreen.storyboard */; };
		D36F82AB1E63AEE50032CE0F /* WorkoutViewController.swift in Sources */ = {isa = PBXBuildFile; fileRef = D36F82AA1E63AEE50032CE0F /* WorkoutViewController.swift */; };
/* End PBXBuildFile section */

/* Begin PBXFileReference section */
		D36F82951E638FF80032CE0F /* IntervalTimer.app */ = {isa = PBXFileReference; explicitFileType = wrapper.application; includeInIndex = 0; path = IntervalTimer.app; sourceTree = BUILT_PRODUCTS_DIR; };
		D36F82981E638FF90032CE0F /* AppDelegate.swift */ = {isa = PBXFileReference; lastKnownFileType = sourcecode.swift; path = AppDelegate.swift; sourceTree = "<group>"; };
		D36F829A1E638FF90032CE0F /* CreateWorkoutViewController.swift */ = {isa = PBXFileReference; lastKnownFileType = sourcecode.swift; path = CreateWorkoutViewController.swift; sourceTree = "<group>"; };
		D36F829D1E638FF90032CE0F /* Base */ = {isa = PBXFileReference; lastKnownFileType = file.storyboard; name = Base; path = Base.lproj/Main.storyboard; sourceTree = "<group>"; };
		D36F829F1E638FF90032CE0F /* Assets.xcassets */ = {isa = PBXFileReference; lastKnownFileType = folder.assetcatalog; path = Assets.xcassets; sourceTree = "<group>"; };
		D36F82A21E638FF90032CE0F /* Base */ = {isa = PBXFileReference; lastKnownFileType = file.storyboard; name = Base; path = Base.lproj/LaunchScreen.storyboard; sourceTree = "<group>"; };
		D36F82A41E638FF90032CE0F /* Info.plist */ = {isa = PBXFileReference; lastKnownFileType = text.plist.xml; path = Info.plist; sourceTree = "<group>"; };
		D36F82AA1E63AEE50032CE0F /* WorkoutViewController.swift */ = {isa = PBXFileReference; fileEncoding = 4; lastKnownFileType = sourcecode.swift; path = WorkoutViewController.swift; sourceTree = "<group>"; };
/* End PBXFileReference section */

/* Begin PBXFrameworksBuildPhase section */
		D36F82921E638FF80032CE0F /* Frameworks */ = {
			isa = PBXFrameworksBuildPhase;
			buildActionMask = 2147483647;
			files = (
			);
			runOnlyForDeploymentPostprocessing = 0;
		};
/* End PBXFrameworksBuildPhase section */

/* Begin PBXGroup section */
		D36F828C1E638FF80032CE0F = {
			isa = PBXGroup;
			children = (
				D36F82971E638FF80032CE0F /* IntervalTimer */,
				D36F82961E638FF80032CE0F /* Products */,
			);
			sourceTree = "<group>";
		};
		D36F82961E638FF80032CE0F /* Products */ = {
			isa = PBXGroup;
			children = (
				D36F82951E638FF80032CE0F /* IntervalTimer.app */,
			);
			name = Products;
			sourceTree = "<group>";
		};
		D36F82971E638FF80032CE0F /* IntervalTimer */ = {
			isa = PBXGroup;
			children = (
				D36F82981E638FF90032CE0F /* AppDelegate.swift */,
				D36F829A1E638FF90032CE0F /* CreateWorkoutViewController.swift */,
				D36F829C1E638FF90032CE0F /* Main.storyboard */,
				D36F829F1E638FF90032CE0F /* Assets.xcassets */,
				D36F82A11E638FF90032CE0F /* LaunchScreen.storyboard */,
				D36F82A41E638FF90032CE0F /* Info.plist */,
				D36F82AA1E63AEE50032CE0F /* WorkoutViewController.swift */,
			);
			path = IntervalTimer;
			sourceTree = "<group>";
		};
/* End PBXGroup section */

/* Begin PBXNativeTarget section */
		D36F82941E638FF80032CE0F /* IntervalTimer */ = {
			isa = PBXNativeTarget;
			buildConfigurationList = D36F82A71E638FF90032CE0F /* Build configuration list for PBXNativeTarget "IntervalTimer" */;
			buildPhases = (
				D36F82911E638FF80032CE0F /* Sources */,
				D36F82921E638FF80032CE0F /* Frameworks */,
				D36F82931E638FF80032CE0F /* Resources */,
			);
			buildRules = (
			);
			dependencies = (
			);
			name = IntervalTimer;
			productName = IntervalTimer;
			productReference = D36F82951E638FF80032CE0F /* IntervalTimer.app */;
			productType = "com.apple.product-type.application";
		};
/* End PBXNativeTarget section */

/* Begin PBXProject section */
		D36F828D1E638FF80032CE0F /* Project object */ = {
			isa = PBXProject;
			attributes = {
				LastSwiftUpdateCheck = 0820;
				LastUpgradeCheck = 0820;
				ORGANIZATIONNAME = "Laura Artiles";
				TargetAttributes = {
					D36F82941E638FF80032CE0F = {
						CreatedOnToolsVersion = 8.2.1;
						DevelopmentTeam = WUW558DRD5;
						ProvisioningStyle = Automatic;
					};
				};
			};
			buildConfigurationList = D36F82901E638FF80032CE0F /* Build configuration list for PBXProject "IntervalTimer" */;
			compatibilityVersion = "Xcode 3.2";
			developmentRegion = English;
			hasScannedForEncodings = 0;
			knownRegions = (
				en,
				Base,
			);
			mainGroup = D36F828C1E638FF80032CE0F;
			productRefGroup = D36F82961E638FF80032CE0F /* Products */;
			projectDirPath = "";
			projectRoot = "";
			targets = (
				D36F82941E638FF80032CE0F /* IntervalTimer */,
			);
		};
/* End PBXProject section */

/* Begin PBXResourcesBuildPhase section */
		D36F82931E638FF80032CE0F /* Resources */ = {
			isa = PBXResourcesBuildPhase;
			buildActionMask = 2147483647;
			files = (
				D36F82A31E638FF90032CE0F /* LaunchScreen.storyboard in Resources */,
				D36F82A01E638FF90032CE0F /* Assets.xcassets in Resources */,
				D36F829E1E638FF90032CE0F /* Main.storyboard in Resources */,
			);
			runOnlyForDeploymentPostprocessing = 0;
		};
/* End PBXResourcesBuildPhase section */

/* Begin PBXSourcesBuildPhase section */
		D36F82911E638FF80032CE0F /* Sources */ = {
			isa = PBXSourcesBuildPhase;
			buildActionMask = 2147483647;
			files = (
				D36F82AB1E63AEE50032CE0F /* WorkoutViewController.swift in Sources */,
				D36F829B1E638FF90032CE0F /* CreateWorkoutViewController.swift in Sources */,
				D36F82991E638FF90032CE0F /* AppDelegate.swift in Sources */,
			);
			runOnlyForDeploymentPostprocessing = 0;
		};
/* End PBXSourcesBuildPhase section */

/* Begin PBXVariantGroup section */
		D36F829C1E638FF90032CE0F /* Main.storyboard */ = {
			isa = PBXVariantGroup;
			children = (
				D36F829D1E638FF90032CE0F /* Base */,
			);
			name = Main.storyboard;
			sourceTree = "<group>";
		};
		D36F82A11E638FF90032CE0F /* LaunchScreen.storyboard */ = {
			isa = PBXVariantGroup;
			children = (
				D36F82A21E638FF90032CE0F /* Base */,
			);
			name = LaunchScreen.storyboard;
			sourceTree = "<group>";
		};
/* End PBXVariantGroup section */

/* Begin XCBuildConfiguration section */
		D36F82A51E638FF90032CE0F /* Debug */ = {
			isa = XCBuildConfiguration;
			buildSettings = {
				ALWAYS_SEARCH_USER_PATHS = NO;
				CLANG_ANALYZER_NONNULL = YES;
				CLANG_CXX_LANGUAGE_STANDARD = "gnu++0x";
				CLANG_CXX_LIBRARY = "libc++";
				CLANG_ENABLE_MODULES = YES;
				CLANG_ENABLE_OBJC_ARC = YES;
				CLANG_WARN_BOOL_CONVERSION = YES;
				CLANG_WARN_CONSTANT_CONVERSION = YES;
				CLANG_WARN_DIRECT_OBJC_ISA_USAGE = YES_ERROR;
				CLANG_WARN_DOCUMENTATION_COMMENTS = YES;
				CLANG_WARN_EMPTY_BODY = YES;
				CLANG_WARN_ENUM_CONVERSION = YES;
				CLANG_WARN_INFINITE_RECURSION = YES;
				CLANG_WARN_INT_CONVERSION = YES;
				CLANG_WARN_OBJC_ROOT_CLASS = YES_ERROR;
				CLANG_WARN_SUSPICIOUS_MOVE = YES;
				CLANG_WARN_UNREACHABLE_CODE = YES;
				CLANG_WARN__DUPLICATE_METHOD_MATCH = YES;
				"CODE_SIGN_IDENTITY[sdk=iphoneos*]" = "iPhone Developer";
				COPY_PHASE_STRIP = NO;
				DEBUG_INFORMATION_FORMAT = dwarf;
				ENABLE_STRICT_OBJC_MSGSEND = YES;
				ENABLE_TESTABILITY = YES;
				GCC_C_LANGUAGE_STANDARD = gnu99;
				GCC_DYNAMIC_NO_PIC = NO;
				GCC_NO_COMMON_BLOCKS = YES;
				GCC_OPTIMIZATION_LEVEL = 0;
				GCC_PREPROCESSOR_DEFINITIONS = (
					"DEBUG=1",
					"$(inherited)",
				);
				GCC_WARN_64_TO_32_BIT_CONVERSION = YES;
				GCC_WARN_ABOUT_RETURN_TYPE = YES_ERROR;
				GCC_WARN_UNDECLARED_SELECTOR = YES;
				GCC_WARN_UNINITIALIZED_AUTOS = YES_AGGRESSIVE;
				GCC_WARN_UNUSED_FUNCTION = YES;
				GCC_WARN_UNUSED_VARIABLE = YES;
				IPHONEOS_DEPLOYMENT_TARGET = 10.2;
				MTL_ENABLE_DEBUG_INFO = YES;
				ONLY_ACTIVE_ARCH = YES;
				SDKROOT = iphoneos;
				SWIFT_ACTIVE_COMPILATION_CONDITIONS = DEBUG;
				SWIFT_OPTIMIZATION_LEVEL = "-Onone";
			};
			name = Debug;
		};
		D36F82A61E638FF90032CE0F /* Release */ = {
			isa = XCBuildConfiguration;
			buildSettings = {
				ALWAYS_SEARCH_USER_PATHS = NO;
				CLANG_ANALYZER_NONNULL = YES;
				CLANG_CXX_LANGUAGE_STANDARD = "gnu++0x";
				CLANG_CXX_LIBRARY = "libc++";
				CLANG_ENABLE_MODULES = YES;
				CLANG_ENABLE_OBJC_ARC = YES;
				CLANG_WARN_BOOL_CONVERSION = YES;
				CLANG_WARN_CONSTANT_CONVERSION = YES;
				CLANG_WARN_DIRECT_OBJC_ISA_USAGE = YES_ERROR;
				CLANG_WARN_DOCUMENTATION_COMMENTS = YES;
				CLANG_WARN_EMPTY_BODY = YES;
				CLANG_WARN_ENUM_CONVERSION = YES;
				CLANG_WARN_INFINITE_RECURSION = YES;
				CLANG_WARN_INT_CONVERSION = YES;
				CLANG_WARN_OBJC_ROOT_CLASS = YES_ERROR;
				CLANG_WARN_SUSPICIOUS_MOVE = YES;
				CLANG_WARN_UNREACHABLE_CODE = YES;
				CLANG_WARN__DUPLICATE_METHOD_MATCH = YES;
				"CODE_SIGN_IDENTITY[sdk=iphoneos*]" = "iPhone Developer";
				COPY_PHASE_STRIP = NO;
				DEBUG_INFORMATION_FORMAT = "dwarf-with-dsym";
				ENABLE_NS_ASSERTIONS = NO;
				ENABLE_STRICT_OBJC_MSGSEND = YES;
				GCC_C_LANGUAGE_STANDARD = gnu99;
				GCC_NO_COMMON_BLOCKS = YES;
				GCC_WARN_64_TO_32_BIT_CONVERSION = YES;
				GCC_WARN_ABOUT_RETURN_TYPE = YES_ERROR;
				GCC_WARN_UNDECLARED_SELECTOR = YES;
				GCC_WARN_UNINITIALIZED_AUTOS = YES_AGGRESSIVE;
				GCC_WARN_UNUSED_FUNCTION = YES;
				GCC_WARN_UNUSED_VARIABLE = YES;
				IPHONEOS_DEPLOYMENT_TARGET = 10.2;
				MTL_ENABLE_DEBUG_INFO = NO;
				SDKROOT = iphoneos;
				SWIFT_OPTIMIZATION_LEVEL = "-Owholemodule";
				VALIDATE_PRODUCT = YES;
			};
			name = Release;
		};
		D36F82A81E638FF90032CE0F /* Debug */ = {
			isa = XCBuildConfiguration;
			buildSettings = {
				ASSETCATALOG_COMPILER_APPICON_NAME = AppIcon;
				DEVELOPMENT_TEAM = WUW558DRD5;
				INFOPLIST_FILE = IntervalTimer/Info.plist;
				LD_RUNPATH_SEARCH_PATHS = "$(inherited) @executable_path/Frameworks";
				PRODUCT_BUNDLE_IDENTIFIER = com.lauraartiles.IntervalTimer;
				PRODUCT_NAME = "$(TARGET_NAME)";
				SWIFT_VERSION = 3.0;
			};
			name = Debug;
		};
		D36F82A91E638FF90032CE0F /* Release */ = {
			isa = XCBuildConfiguration;
			buildSettings = {
				ASSETCATALOG_COMPILER_APPICON_NAME = AppIcon;
				DEVELOPMENT_TEAM = WUW558DRD5;
				INFOPLIST_FILE = IntervalTimer/Info.plist;
				LD_RUNPATH_SEARCH_PATHS = "$(inherited) @executable_path/Frameworks";
				PRODUCT_BUNDLE_IDENTIFIER = com.lauraartiles.IntervalTimer;
				PRODUCT_NAME = "$(TARGET_NAME)";
				SWIFT_VERSION = 3.0;
			};
			name = Release;
		};
/* End XCBuildConfiguration section */

/* Begin XCConfigurationList section */
		D36F82901E638FF80032CE0F /* Build configuration list for PBXProject "IntervalTimer" */ = {
			isa = XCConfigurationList;
			buildConfigurations = (
				D36F82A51E638FF90032CE0F /* Debug */,
				D36F82A61E638FF90032CE0F /* Release */,
			);
			defaultConfigurationIsVisible = 0;
			defaultConfigurationName = Release;
		};
		D36F82A71E638FF90032CE0F /* Build configuration list for PBXNativeTarget "IntervalTimer" */ = {
			isa = XCConfigurationList;
			buildConfigurations = (
				D36F82A81E638FF90032CE0F /* Debug */,
				D36F82A91E638FF90032CE0F /* Release */,
			);
			defaultConfigurationIsVisible = 0;
		};
/* End XCConfigurationList section */
	};
	rootObject = D36F828D1E638FF80032CE0F /* Project object */;
}
